
Microsoft Visual Studio Solution File, Format Version 12.00
# Visual Studio Version 17
VisualStudioVersion = 17.7.34018.315
MinimumVisualStudioVersion = 10.0.40219.1
Project("{9A19103F-16F7-4668-BE54-9A1E7A4F7556}") = "PetAdoptionCenter", "PetAdoptionCenter\PetAdoptionCenter.csproj", "{6FCC76A4-98CB-4C8D-AEC6-89215245CDE6}"
EndProject
Project("{9A19103F-16F7-4668-BE54-9A1E7A4F7556}") = "SImpleWebLogic", "SImpleWebLogic\SImpleWebLogic.csproj", "{C05FE676-D5A8-49C1-85E9-5C9E7863B5F7}"
EndProject
Project("{9A19103F-16F7-4668-BE54-9A1E7A4F7556}") = "SimpleWebDal", "SimpleWebDal\SimpleWebDal.csproj", "{9C7E898D-D96F-49FD-8AC8-A2E347BA4237}"
EndProject
Project("{9A19103F-16F7-4668-BE54-9A1E7A4F7556}") = "PetAdoptionCenterUnitTests", "PetAdoptionCenterUnitTests\PetAdoptionCenterUnitTests.csproj", "{2FE356B4-8B7B-4718-A752-5587AEEDCB5B}"
	ProjectSection(ProjectDependencies) = postProject
		{6FCC76A4-98CB-4C8D-AEC6-89215245CDE6} = {6FCC76A4-98CB-4C8D-AEC6-89215245CDE6}
	EndProjectSection
EndProject
Project("{E53339B2-1760-4266-BCC7-CA923CBCF16C}") = "docker-compose", "docker-compose.dcproj", "{81068D74-F425-4D39-A160-501B5F5A538C}"
EndProject
Global
	GlobalSection(SolutionConfigurationPlatforms) = preSolution
		Debug|Any CPU = Debug|Any CPU
		Release|Any CPU = Release|Any CPU
	EndGlobalSection
	GlobalSection(ProjectConfigurationPlatforms) = postSolution
		{6FCC76A4-98CB-4C8D-AEC6-89215245CDE6}.Debug|Any CPU.ActiveCfg = Debug|Any CPU
		{6FCC76A4-98CB-4C8D-AEC6-89215245CDE6}.Debug|Any CPU.Build.0 = Debug|Any CPU
		{6FCC76A4-98CB-4C8D-AEC6-89215245CDE6}.Release|Any CPU.ActiveCfg = Release|Any CPU
		{6FCC76A4-98CB-4C8D-AEC6-89215245CDE6}.Release|Any CPU.Build.0 = Release|Any CPU
		{C05FE676-D5A8-49C1-85E9-5C9E7863B5F7}.Debug|Any CPU.ActiveCfg = Debug|Any CPU
		{C05FE676-D5A8-49C1-85E9-5C9E7863B5F7}.Debug|Any CPU.Build.0 = Debug|Any CPU
		{C05FE676-D5A8-49C1-85E9-5C9E7863B5F7}.Release|Any CPU.ActiveCfg = Release|Any CPU
		{C05FE676-D5A8-49C1-85E9-5C9E7863B5F7}.Release|Any CPU.Build.0 = Release|Any CPU
		{9C7E898D-D96F-49FD-8AC8-A2E347BA4237}.Debug|Any CPU.ActiveCfg = Debug|Any CPU
		{9C7E898D-D96F-49FD-8AC8-A2E347BA4237}.Debug|Any CPU.Build.0 = Debug|Any CPU
		{9C7E898D-D96F-49FD-8AC8-A2E347BA4237}.Release|Any CPU.ActiveCfg = Release|Any CPU
		{9C7E898D-D96F-49FD-8AC8-A2E347BA4237}.Release|Any CPU.Build.0 = Release|Any CPU
		{2FE356B4-8B7B-4718-A752-5587AEEDCB5B}.Debug|Any CPU.ActiveCfg = Debug|Any CPU
		{2FE356B4-8B7B-4718-A752-5587AEEDCB5B}.Debug|Any CPU.Build.0 = Debug|Any CPU
		{2FE356B4-8B7B-4718-A752-5587AEEDCB5B}.Release|Any CPU.ActiveCfg = Release|Any CPU
		{2FE356B4-8B7B-4718-A752-5587AEEDCB5B}.Release|Any CPU.Build.0 = Release|Any CPU
		{81068D74-F425-4D39-A160-501B5F5A538C}.Debug|Any CPU.ActiveCfg = Debug|Any CPU
		{81068D74-F425-4D39-A160-501B5F5A538C}.Debug|Any CPU.Build.0 = Debug|Any CPU
		{81068D74-F425-4D39-A160-501B5F5A538C}.Release|Any CPU.ActiveCfg = Release|Any CPU
		{81068D74-F425-4D39-A160-501B5F5A538C}.Release|Any CPU.Build.0 = Release|Any CPU
	EndGlobalSection
	GlobalSection(SolutionProperties) = preSolution
		HideSolutionNode = FALSE
	EndGlobalSection
	GlobalSection(ExtensibilityGlobals) = postSolution
		SolutionGuid = {92FB96A3-847F-4C0E-9862-49245F838969}
	EndGlobalSection
EndGlobal
